
Microsoft Visual Studio Solution File, Format Version 12.00
# Visual Studio Version 16
VisualStudioVersion = 16.0.31112.23
MinimumVisualStudioVersion = 10.0.40219.1
Project("{9A19103F-16F7-4668-BE54-9A1E7A4F7556}") = "Weathery.API", "Weathery.API\Weathery.API.csproj", "{B267027A-7CAE-4077-9988-8563EBBFAC1C}"
EndProject
Project("{FAE04EC0-301F-11D3-BF4B-00C04F79EFBC}") = "Weathery.Infrastructure", "Weathery.Infrastructure\Weathery.Infrastructure.csproj", "{11459F1E-8B31-48D6-9429-A73462FFC3C4}"
EndProject
Project("{FAE04EC0-301F-11D3-BF4B-00C04F79EFBC}") = "Weathery.Data", "Weathery.Data\Weathery.Data.csproj", "{62E3942E-6A4D-4161-ADE2-A84F5F63F9CB}"
EndProject
Global
	GlobalSection(SolutionConfigurationPlatforms) = preSolution
		Debug|Any CPU = Debug|Any CPU
		Release|Any CPU = Release|Any CPU
	EndGlobalSection
	GlobalSection(ProjectConfigurationPlatforms) = postSolution
		{B267027A-7CAE-4077-9988-8563EBBFAC1C}.Debug|Any CPU.ActiveCfg = Debug|Any CPU
		{B267027A-7CAE-4077-9988-8563EBBFAC1C}.Debug|Any CPU.Build.0 = Debug|Any CPU
		{B267027A-7CAE-4077-9988-8563EBBFAC1C}.Release|Any CPU.ActiveCfg = Release|Any CPU
		{B267027A-7CAE-4077-9988-8563EBBFAC1C}.Release|Any CPU.Build.0 = Release|Any CPU
		{11459F1E-8B31-48D6-9429-A73462FFC3C4}.Debug|Any CPU.ActiveCfg = Debug|Any CPU
		{11459F1E-8B31-48D6-9429-A73462FFC3C4}.Debug|Any CPU.Build.0 = Debug|Any CPU
		{11459F1E-8B31-48D6-9429-A73462FFC3C4}.Release|Any CPU.ActiveCfg = Release|Any CPU
		{11459F1E-8B31-48D6-9429-A73462FFC3C4}.Release|Any CPU.Build.0 = Release|Any CPU
		{62E3942E-6A4D-4161-ADE2-A84F5F63F9CB}.Debug|Any CPU.ActiveCfg = Debug|Any CPU
		{62E3942E-6A4D-4161-ADE2-A84F5F63F9CB}.Debug|Any CPU.Build.0 = Debug|Any CPU
		{62E3942E-6A4D-4161-ADE2-A84F5F63F9CB}.Release|Any CPU.ActiveCfg = Release|Any CPU
		{62E3942E-6A4D-4161-ADE2-A84F5F63F9CB}.Release|Any CPU.Build.0 = Release|Any CPU
	EndGlobalSection
	GlobalSection(SolutionProperties) = preSolution
		HideSolutionNode = FALSE
	EndGlobalSection
	GlobalSection(ExtensibilityGlobals) = postSolution
		SolutionGuid = {6F58557B-DF0B-44E5-BD5E-CC1809871B45}
	EndGlobalSection
EndGlobal
